Microsoft Visual Studio Solution File, Format Version 12.00
# Visual Studio Version 17
Project("{FAE04EC0-301F-11D3-BF4B-00C04F79EFBC}") = "WebApi", "WebApi/WebApi.csproj", "{77777777-7777-7777-7777-777777777777}"
Project("{FAE04EC0-301F-11D3-BF4B-00C04F79EFBC}") = "WebApi.Tests", "WebApi.Tests/WebApi.Tests.csproj", "{88888888-8888-8888-8888-888888888888}"
EndProject
Global
EndGlobal
